# This file is automatically @generated by Cargo.
# It is not intended for manual editing.
version = 4

[[package]]
name = "stardex-cli"
version = "0.0.1"
dependencies = [
 "stardex-core",
 "stardex-decoders",
]

[[package]]
name = "stardex-core"
version = "0.0.1"

[[package]]
name = "stardex-decoders"
version = "0.0.1"
dependencies = [
 "stardex-core",
]
